// !$*UTF8*$!
{
	archiveVersion = 1;
	classes = {
	};
	objectVersion = 50;
	objects = {

/* Begin PBXBuildFile section */
		55C2BD6624C1DF4E0089CA47 /* AppDelegate.swift in Sources */ = {isa = PBXBuildFile; fileRef = 55C2BD6524C1DF4E0089CA47 /* AppDelegate.swift */; };
		55C2BD6824C1DF4E0089CA47 /* SceneDelegate.swift in Sources */ = {isa = PBXBuildFile; fileRef = 55C2BD6724C1DF4E0089CA47 /* SceneDelegate.swift */; };
		55C2BD6A24C1DF4E0089CA47 /* ViewController.swift in Sources */ = {isa = PBXBuildFile; fileRef = 55C2BD6924C1DF4E0089CA47 /* ViewController.swift */; };
		55C2BD6D24C1DF4E0089CA47 /* Main.storyboard in Resources */ = {isa = PBXBuildFile; fileRef = 55C2BD6B24C1DF4E0089CA47 /* Main.storyboard */; };
		55C2BD6F24C1DF530089CA47 /* Assets.xcassets in Resources */ = {isa = PBXBuildFile; fileRef = 55C2BD6E24C1DF530089CA47 /* Assets.xcassets */; };
		55C2BD7224C1DF530089CA47 /* LaunchScreen.storyboard in Resources */ = {isa = PBXBuildFile; fileRef = 55C2BD7024C1DF530089CA47 /* LaunchScreen.storyboard */; };
/* End PBXBuildFile section */

/* Begin PBXFileReference section */
		55C2BD6224C1DF4E0089CA47 /* WebViewController.app */ = {isa = PBXFileReference; explicitFileType = wrapper.application; includeInIndex = 0; path = WebViewController.app; sourceTree = BUILT_PRODUCTS_DIR; };
		55C2BD6524C1DF4E0089CA47 /* AppDelegate.swift */ = {isa = PBXFileReference; lastKnownFileType = sourcecode.swift; path = AppDelegate.swift; sourceTree = "<group>"; };
		55C2BD6724C1DF4E0089CA47 /* SceneDelegate.swift */ = {isa = PBXFileReference; lastKnownFileType = sourcecode.swift; path = SceneDelegate.swift; sourceTree = "<group>"; };
		55C2BD6924C1DF4E0089CA47 /* ViewController.swift */ = {isa = PBXFileReference; lastKnownFileType = sourcecode.swift; path = ViewController.swift; sourceTree = "<group>"; };
		55C2BD6C24C1DF4E0089CA47 /* Base */ = {isa = PBXFileReference; lastKnownFileType = file.storyboard; name = Base; path = Base.lproj/Main.storyboard; sourceTree = "<group>"; };
		55C2BD6E24C1DF530089CA47 /* Assets.xcassets */ = {isa = PBXFileReference; lastKnownFileType = folder.assetcatalog; path = Assets.xcassets; sourceTree = "<group>"; };
		55C2BD7124C1DF530089CA47 /* Base */ = {isa = PBXFileReference; lastKnownFileType = file.storyboard; name = Base; path = Base.lproj/LaunchScreen.storyboard; sourceTree = "<group>"; };
		55C2BD7324C1DF530089CA47 /* Info.plist */ = {isa = PBXFileReference; lastKnownFileType = text.plist.xml; path = Info.plist; sourceTree = "<group>"; };
/* End PBXFileReference section */

/* Begin PBXFrameworksBuildPhase section */
		55C2BD5F24C1DF4E0089CA47 /* Frameworks */ = {
			isa = PBXFrameworksBuildPhase;
			buildActionMask = 2147483647;
			files = (
			);
			runOnlyForDeploymentPostprocessing = 0;
		};
/* End PBXFrameworksBuildPhase section */

/* Begin PBXGroup section */
		55C2BD5924C1DF4E0089CA47 = {
			isa = PBXGroup;
			children = (
				55C2BD6424C1DF4E0089CA47 /* WebViewController */,
				55C2BD6324C1DF4E0089CA47 /* Products */,
			);
			sourceTree = "<group>";
		};
		55C2BD6324C1DF4E0089CA47 /* Products */ = {
			isa = PBXGroup;
			children = (
				55C2BD6224C1DF4E0089CA47 /* WebViewController.app */,
			);
			name = Products;
			sourceTree = "<group>";
		};
		55C2BD6424C1DF4E0089CA47 /* WebViewController */ = {
			isa = PBXGroup;
			children = (
				55C2BD6524C1DF4E0089CA47 /* AppDelegate.swift */,
				55C2BD6724C1DF4E0089CA47 /* SceneDelegate.swift */,
				55C2BD6924C1DF4E0089CA47 /* ViewController.swift */,
				55C2BD6B24C1DF4E0089CA47 /* Main.storyboard */,
				55C2BD6E24C1DF530089CA47 /* Assets.xcassets */,
				55C2BD7024C1DF530089CA47 /* LaunchScreen.storyboard */,
				55C2BD7324C1DF530089CA47 /* Info.plist */,
			);
			path = WebViewController;
			sourceTree = "<group>";
		};
/* End PBXGroup section */

/* Begin PBXNativeTarget section */
		55C2BD6124C1DF4E0089CA47 /* WebViewController */ = {
			isa = PBXNativeTarget;
			buildConfigurationList = 55C2BD7624C1DF530089CA47 /* Build configuration list for PBXNativeTarget "WebViewController" */;
			buildPhases = (
				55C2BD5E24C1DF4E0089CA47 /* Sources */,
				55C2BD5F24C1DF4E0089CA47 /* Frameworks */,
				55C2BD6024C1DF4E0089CA47 /* Resources */,
			);
			buildRules = (
			);
			dependencies = (
			);
			name = WebViewController;
			productName = WebViewController;
			productReference = 55C2BD6224C1DF4E0089CA47 /* WebViewController.app */;
			productType = "com.apple.product-type.application";
		};
/* End PBXNativeTarget section */

/* Begin PBXProject section */
		55C2BD5A24C1DF4E0089CA47 /* Project object */ = {
			isa = PBXProject;
			attributes = {
				LastSwiftUpdateCheck = 1140;
				LastUpgradeCheck = 1140;
				ORGANIZATIONNAME = "Sammi Yoeun";
				TargetAttributes = {
					55C2BD6124C1DF4E0089CA47 = {
						CreatedOnToolsVersion = 11.4.1;
					};
				};
			};
			buildConfigurationList = 55C2BD5D24C1DF4E0089CA47 /* Build configuration list for PBXProject "WebViewController" */;
			compatibilityVersion = "Xcode 9.3";
			developmentRegion = en;
			hasScannedForEncodings = 0;
			knownRegions = (
				en,
				Base,
			);
			mainGroup = 55C2BD5924C1DF4E0089CA47;
			productRefGroup = 55C2BD6324C1DF4E0089CA47 /* Products */;
			projectDirPath = "";
			projectRoot = "";
			targets = (
				55C2BD6124C1DF4E0089CA47 /* WebViewController */,
			);
		};
/* End PBXProject section */

/* Begin PBXResourcesBuildPhase section */
		55C2BD6024C1DF4E0089CA47 /* Resources */ = {
			isa = PBXResourcesBuildPhase;
			buildActionMask = 2147483647;
			files = (
				55C2BD7224C1DF530089CA47 /* LaunchScreen.storyboard in Resources */,
				55C2BD6F24C1DF530089CA47 /* Assets.xcassets in Resources */,
				55C2BD6D24C1DF4E0089CA47 /* Main.storyboard in Resources */,
			);
			runOnlyForDeploymentPostprocessing = 0;
		};
/* End PBXResourcesBuildPhase section */

/* Begin PBXSourcesBuildPhase section */
		55C2BD5E24C1DF4E0089CA47 /* Sources */ = {
			isa = PBXSourcesBuildPhase;
			buildActionMask = 2147483647;
			files = (
				55C2BD6A24C1DF4E0089CA47 /* ViewController.swift in Sources */,
				55C2BD6624C1DF4E0089CA47 /* AppDelegate.swift in Sources */,
				55C2BD6824C1DF4E0089CA47 /* SceneDelegate.swift in Sources */,
			);
			runOnlyForDeploymentPostprocessing = 0;
		};
/* End PBXSourcesBuildPhase section */

/* Begin PBXVariantGroup section */
		55C2BD6B24C1DF4E0089CA47 /* Main.storyboard */ = {
			isa = PBXVariantGroup;
			children = (
				55C2BD6C24C1DF4E0089CA47 /* Base */,
			);
			name = Main.storyboard;
			sourceTree = "<group>";
		};
		55C2BD7024C1DF530089CA47 /* LaunchScreen.storyboard */ = {
			isa = PBXVariantGroup;
			children = (
				55C2BD7124C1DF530089CA47 /* Base */,
			);
			name = LaunchScreen.storyboard;
			sourceTree = "<group>";
		};
/* End PBXVariantGroup section */

/* Begin XCBuildConfiguration section */
		55C2BD7424C1DF530089CA47 /* Debug */ = {
			isa = XCBuildConfiguration;
			buildSettings = {
				ALWAYS_SEARCH_USER_PATHS = NO;
				CLANG_ANALYZER_NONNULL = YES;
				CLANG_ANALYZER_NUMBER_OBJECT_CONVERSION = YES_AGGRESSIVE;
				CLANG_CXX_LANGUAGE_STANDARD = "gnu++14";
				CLANG_CXX_LIBRARY = "libc++";
				CLANG_ENABLE_MODULES = YES;
				CLANG_ENABLE_OBJC_ARC = YES;
				CLANG_ENABLE_OBJC_WEAK = YES;
				CLANG_WARN_BLOCK_CAPTURE_AUTORELEASING = YES;
				CLANG_WARN_BOOL_CONVERSION = YES;
				CLANG_WARN_COMMA = YES;
				CLANG_WARN_CONSTANT_CONVERSION = YES;
				CLANG_WARN_DEPRECATED_OBJC_IMPLEMENTATIONS = YES;
				CLANG_WARN_DIRECT_OBJC_ISA_USAGE = YES_ERROR;
				CLANG_WARN_DOCUMENTATION_COMMENTS = YES;
				CLANG_WARN_EMPTY_BODY = YES;
				CLANG_WARN_ENUM_CONVERSION = YES;
				CLANG_WARN_INFINITE_RECURSION = YES;
				CLANG_WARN_INT_CONVERSION = YES;
				CLANG_WARN_NON_LITERAL_NULL_CONVERSION = YES;
				CLANG_WARN_OBJC_IMPLICIT_RETAIN_SELF = YES;
				CLANG_WARN_OBJC_LITERAL_CONVERSION = YES;
				CLANG_WARN_OBJC_ROOT_CLASS = YES_ERROR;
				CLANG_WARN_RANGE_LOOP_ANALYSIS = YES;
				CLANG_WARN_STRICT_PROTOTYPES = YES;
				CLANG_WARN_SUSPICIOUS_MOVE = YES;
				CLANG_WARN_UNGUARDED_AVAILABILITY = YES_AGGRESSIVE;
				CLANG_WARN_UNREACHABLE_CODE = YES;
				CLANG_WARN__DUPLICATE_METHOD_MATCH = YES;
				COPY_PHASE_STRIP = NO;
				DEBUG_INFORMATION_FORMAT = dwarf;
				ENABLE_STRICT_OBJC_MSGSEND = YES;
				ENABLE_TESTABILITY = YES;
				GCC_C_LANGUAGE_STANDARD = gnu11;
				GCC_DYNAMIC_NO_PIC = NO;
				GCC_NO_COMMON_BLOCKS = YES;
				GCC_OPTIMIZATION_LEVEL = 0;
				GCC_PREPROCESSOR_DEFINITIONS = (
					"DEBUG=1",
					"$(inherited)",
				);
				GCC_WARN_64_TO_32_BIT_CONVERSION = YES;
				GCC_WARN_ABOUT_RETURN_TYPE = YES_ERROR;
				GCC_WARN_UNDECLARED_SELECTOR = YES;
				GCC_WARN_UNINITIALIZED_AUTOS = YES_AGGRESSIVE;
				GCC_WARN_UNUSED_FUNCTION = YES;
				GCC_WARN_UNUSED_VARIABLE = YES;
				IPHONEOS_DEPLOYMENT_TARGET = 13.4;
				MTL_ENABLE_DEBUG_INFO = INCLUDE_SOURCE;
				MTL_FAST_MATH = YES;
				ONLY_ACTIVE_ARCH = YES;
				SDKROOT = iphoneos;
				SWIFT_ACTIVE_COMPILATION_CONDITIONS = DEBUG;
				SWIFT_OPTIMIZATION_LEVEL = "-Onone";
			};
			name = Debug;
		};
		55C2BD7524C1DF530089CA47 /* Release */ = {
			isa = XCBuildConfiguration;
			buildSettings = {
				ALWAYS_SEARCH_USER_PATHS = NO;
				CLANG_ANALYZER_NONNULL = YES;
				CLANG_ANALYZER_NUMBER_OBJECT_CONVERSION = YES_AGGRESSIVE;
				CLANG_CXX_LANGUAGE_STANDARD = "gnu++14";
				CLANG_CXX_LIBRARY = "libc++";
				CLANG_ENABLE_MODULES = YES;
				CLANG_ENABLE_OBJC_ARC = YES;
				CLANG_ENABLE_OBJC_WEAK = YES;
				CLANG_WARN_BLOCK_CAPTURE_AUTORELEASING = YES;
				CLANG_WARN_BOOL_CONVERSION = YES;
				CLANG_WARN_COMMA = YES;
				CLANG_WARN_CONSTANT_CONVERSION = YES;
				CLANG_WARN_DEPRECATED_OBJC_IMPLEMENTATIONS = YES;
				CLANG_WARN_DIRECT_OBJC_ISA_USAGE = YES_ERROR;
				CLANG_WARN_DOCUMENTATION_COMMENTS = YES;
				CLANG_WARN_EMPTY_BODY = YES;
				CLANG_WARN_ENUM_CONVERSION = YES;
				CLANG_WARN_INFINITE_RECURSION = YES;
				CLANG_WARN_INT_CONVERSION = YES;
				CLANG_WARN_NON_LITERAL_NULL_CONVERSION = YES;
				CLANG_WARN_OBJC_IMPLICIT_RETAIN_SELF = YES;
				CLANG_WARN_OBJC_LITERAL_CONVERSION = YES;
				CLANG_WARN_OBJC_ROOT_CLASS = YES_ERROR;
				CLANG_WARN_RANGE_LOOP_ANALYSIS = YES;
				CLANG_WARN_STRICT_PROTOTYPES = YES;
				CLANG_WARN_SUSPICIOUS_MOVE = YES;
				CLANG_WARN_UNGUARDED_AVAILABILITY = YES_AGGRESSIVE;
				CLANG_WARN_UNREACHABLE_CODE = YES;
				CLANG_WARN__DUPLICATE_METHOD_MATCH = YES;
				COPY_PHASE_STRIP = NO;
				DEBUG_INFORMATION_FORMAT = "dwarf-with-dsym";
				ENABLE_NS_ASSERTIONS = NO;
				ENABLE_STRICT_OBJC_MSGSEND = YES;
				GCC_C_LANGUAGE_STANDARD = gnu11;
				GCC_NO_COMMON_BLOCKS = YES;
				GCC_WARN_64_TO_32_BIT_CONVERSION = YES;
				GCC_WARN_ABOUT_RETURN_TYPE = YES_ERROR;
				GCC_WARN_UNDECLARED_SELECTOR = YES;
				GCC_WARN_UNINITIALIZED_AUTOS = YES_AGGRESSIVE;
				GCC_WARN_UNUSED_FUNCTION = YES;
				GCC_WARN_UNUSED_VARIABLE = YES;
				IPHONEOS_DEPLOYMENT_TARGET = 13.4;
				MTL_ENABLE_DEBUG_INFO = NO;
				MTL_FAST_MATH = YES;
				SDKROOT = iphoneos;
				SWIFT_COMPILATION_MODE = wholemodule;
				SWIFT_OPTIMIZATION_LEVEL = "-O";
				VALIDATE_PRODUCT = YES;
			};
			name = Release;
		};
		55C2BD7724C1DF530089CA47 /* Debug */ = {
			isa = XCBuildConfiguration;
			buildSettings = {
				ASSETCATALOG_COMPILER_APPICON_NAME = AppIcon;
				CODE_SIGN_STYLE = Automatic;
				DEVELOPMENT_TEAM = SC586JD78G;
				INFOPLIST_FILE = WebViewController/Info.plist;
				LD_RUNPATH_SEARCH_PATHS = (
					"$(inherited)",
					"@executable_path/Frameworks",
				);
				PRODUCT_BUNDLE_IDENTIFIER = "sammi-yoeun.WebViewController";
				PRODUCT_NAME = "$(TARGET_NAME)";
				SWIFT_VERSION = 5.0;
				TARGETED_DEVICE_FAMILY = "1,2";
			};
			name = Debug;
		};
		55C2BD7824C1DF530089CA47 /* Release */ = {
			isa = XCBuildConfiguration;
			buildSettings = {
				ASSETCATALOG_COMPILER_APPICON_NAME = AppIcon;
				CODE_SIGN_STYLE = Automatic;
				DEVELOPMENT_TEAM = SC586JD78G;
				INFOPLIST_FILE = WebViewController/Info.plist;
				LD_RUNPATH_SEARCH_PATHS = (
					"$(inherited)",
					"@executable_path/Frameworks",
				);
				PRODUCT_BUNDLE_IDENTIFIER = "sammi-yoeun.WebViewController";
				PRODUCT_NAME = "$(TARGET_NAME)";
				SWIFT_VERSION = 5.0;
				TARGETED_DEVICE_FAMILY = "1,2";
			};
			name = Release;
		};
/* End XCBuildConfiguration section */

/* Begin XCConfigurationList section */
		55C2BD5D24C1DF4E0089CA47 /* Build configuration list for PBXProject "WebViewController" */ = {
			isa = XCConfigurationList;
			buildConfigurations = (
				55C2BD7424C1DF530089CA47 /* Debug */,
				55C2BD7524C1DF530089CA47 /* Release */,
			);
			defaultConfigurationIsVisible = 0;
			defaultConfigurationName = Release;
		};
		55C2BD7624C1DF530089CA47 /* Build configuration list for PBXNativeTarget "WebViewController" */ = {
			isa = XCConfigurationList;
			buildConfigurations = (
				55C2BD7724C1DF530089CA47 /* Debug */,
				55C2BD7824C1DF530089CA47 /* Release */,
			);
			defaultConfigurationIsVisible = 0;
			defaultConfigurationName = Release;
		};
/* End XCConfigurationList section */
	};
	rootObject = 55C2BD5A24C1DF4E0089CA47 /* Project object */;
}
